
Microsoft Visual Studio Solution File, Format Version 12.00
# Visual Studio Version 16
VisualStudioVersion = 16.0.30128.74
MinimumVisualStudioVersion = 10.0.40219.1
Project("{FAE04EC0-301F-11D3-BF4B-00C04F79EFBC}") = "WSThreadSynchro", "WSThreadSynchro\WSThreadSynchro.csproj", "{65CA0F1F-FEC1-4B30-9630-DC4018B1FD9B}"
EndProject
Global
	GlobalSection(SolutionConfigurationPlatforms) = preSolution
		Debug|Any CPU = Debug|Any CPU
		Release|Any CPU = Release|Any CPU
	EndGlobalSection
	GlobalSection(ProjectConfigurationPlatforms) = postSolution
		{65CA0F1F-FEC1-4B30-9630-DC4018B1FD9B}.Debug|Any CPU.ActiveCfg = Debug|Any CPU
		{65CA0F1F-FEC1-4B30-9630-DC4018B1FD9B}.Debug|Any CPU.Build.0 = Debug|Any CPU
		{65CA0F1F-FEC1-4B30-9630-DC4018B1FD9B}.Release|Any CPU.ActiveCfg = Release|Any CPU
		{65CA0F1F-FEC1-4B30-9630-DC4018B1FD9B}.Release|Any CPU.Build.0 = Release|Any CPU
	EndGlobalSection
	GlobalSection(SolutionProperties) = preSolution
		HideSolutionNode = FALSE
	EndGlobalSection
	GlobalSection(ExtensibilityGlobals) = postSolution
		SolutionGuid = {7C01839A-C957-40B4-A554-767CAAF43974}
	EndGlobalSection
EndGlobal
